
Microsoft Visual Studio Solution File, Format Version 12.00
# Visual Studio 14
VisualStudioVersion = 14.0.24720.0
MinimumVisualStudioVersion = 10.0.40219.1
Project("{FAE04EC0-301F-11D3-BF4B-00C04F79EFBC}") = "ConsoleTestClient", "ConsoleTestClient\ConsoleTestClient.csproj", "{BE33927A-A0FB-422C-BFC4-92F9C5626054}"
EndProject
Project("{FAE04EC0-301F-11D3-BF4B-00C04F79EFBC}") = "Infrastructure.Repositories", "Infrastructure.Repositories\Infrastructure.Repositories.csproj", "{4EDF72AD-8667-4E60-91A4-11F4A4C4B7E0}"
EndProject
Project("{FAE04EC0-301F-11D3-BF4B-00C04F79EFBC}") = "HouseAccounting.Web", "HouseAccounting.Web\HouseAccounting.Web.csproj", "{D65457E2-B258-442E-9277-86B55CB346C9}"
EndProject
Project("{FAE04EC0-301F-11D3-BF4B-00C04F79EFBC}") = "HouseAccounting.DTOS", "HouseAccounting.DTOS\HouseAccounting.DTOS.csproj", "{55E8D102-5CBE-428B-8309-F406C73C0A65}"
EndProject
Project("{FAE04EC0-301F-11D3-BF4B-00C04F79EFBC}") = "HouseAccounting.DTO.Translators", "HouseAccounting.DTO.Translators\HouseAccounting.DTO.Translators.csproj", "{73E890C1-BD5E-4913-80C3-BBE29EDDE2AB}"
EndProject
Project("{FAE04EC0-301F-11D3-BF4B-00C04F79EFBC}") = "HouserAccounting.Business", "HouserAccounting.Business\HouserAccounting.Business.csproj", "{F1C89212-724E-483F-A8ED-2B8ADC935F4E}"
EndProject
Project("{2150E333-8FDC-42A3-9474-1A3956D46DE8}") = "Solution Items", "Solution Items", "{860E7E32-3550-4EBB-B4C9-BB454BD9C690}"
	ProjectSection(SolutionItems) = preProject
		WebEssentials2015-Settings.json = WebEssentials2015-Settings.json
	EndProjectSection
EndProject
Global
	GlobalSection(SolutionConfigurationPlatforms) = preSolution
		Debug|Any CPU = Debug|Any CPU
		Release|Any CPU = Release|Any CPU
	EndGlobalSection
	GlobalSection(ProjectConfigurationPlatforms) = postSolution
		{BE33927A-A0FB-422C-BFC4-92F9C5626054}.Debug|Any CPU.ActiveCfg = Debug|Any CPU
		{BE33927A-A0FB-422C-BFC4-92F9C5626054}.Debug|Any CPU.Build.0 = Debug|Any CPU
		{BE33927A-A0FB-422C-BFC4-92F9C5626054}.Release|Any CPU.ActiveCfg = Release|Any CPU
		{BE33927A-A0FB-422C-BFC4-92F9C5626054}.Release|Any CPU.Build.0 = Release|Any CPU
		{4EDF72AD-8667-4E60-91A4-11F4A4C4B7E0}.Debug|Any CPU.ActiveCfg = Debug|Any CPU
		{4EDF72AD-8667-4E60-91A4-11F4A4C4B7E0}.Debug|Any CPU.Build.0 = Debug|Any CPU
		{4EDF72AD-8667-4E60-91A4-11F4A4C4B7E0}.Release|Any CPU.ActiveCfg = Release|Any CPU
		{4EDF72AD-8667-4E60-91A4-11F4A4C4B7E0}.Release|Any CPU.Build.0 = Release|Any CPU
		{D65457E2-B258-442E-9277-86B55CB346C9}.Debug|Any CPU.ActiveCfg = Debug|Any CPU
		{D65457E2-B258-442E-9277-86B55CB346C9}.Debug|Any CPU.Build.0 = Debug|Any CPU
		{D65457E2-B258-442E-9277-86B55CB346C9}.Release|Any CPU.ActiveCfg = Release|Any CPU
		{D65457E2-B258-442E-9277-86B55CB346C9}.Release|Any CPU.Build.0 = Release|Any CPU
		{55E8D102-5CBE-428B-8309-F406C73C0A65}.Debug|Any CPU.ActiveCfg = Debug|Any CPU
		{55E8D102-5CBE-428B-8309-F406C73C0A65}.Debug|Any CPU.Build.0 = Debug|Any CPU
		{55E8D102-5CBE-428B-8309-F406C73C0A65}.Release|Any CPU.ActiveCfg = Release|Any CPU
		{55E8D102-5CBE-428B-8309-F406C73C0A65}.Release|Any CPU.Build.0 = Release|Any CPU
		{73E890C1-BD5E-4913-80C3-BBE29EDDE2AB}.Debug|Any CPU.ActiveCfg = Debug|Any CPU
		{73E890C1-BD5E-4913-80C3-BBE29EDDE2AB}.Debug|Any CPU.Build.0 = Debug|Any CPU
		{73E890C1-BD5E-4913-80C3-BBE29EDDE2AB}.Release|Any CPU.ActiveCfg = Release|Any CPU
		{73E890C1-BD5E-4913-80C3-BBE29EDDE2AB}.Release|Any CPU.Build.0 = Release|Any CPU
		{F1C89212-724E-483F-A8ED-2B8ADC935F4E}.Debug|Any CPU.ActiveCfg = Debug|Any CPU
		{F1C89212-724E-483F-A8ED-2B8ADC935F4E}.Debug|Any CPU.Build.0 = Debug|Any CPU
		{F1C89212-724E-483F-A8ED-2B8ADC935F4E}.Release|Any CPU.ActiveCfg = Release|Any CPU
		{F1C89212-724E-483F-A8ED-2B8ADC935F4E}.Release|Any CPU.Build.0 = Release|Any CPU
	EndGlobalSection
	GlobalSection(SolutionProperties) = preSolution
		HideSolutionNode = FALSE
	EndGlobalSection
EndGlobal
